{
  "name": "search",
  "requires": true,
  "lockfileVersion": 1,
  "dependencies": {
    "@babel/helper-annotate-as-pure": {
      "version": "7.12.13",
      "resolved": "https://registry.npmjs.org/@babel/helper-annotate-as-pure/-/helper-annotate-as-pure-7.12.13.tgz",
      "integrity": "sha512-7YXfX5wQ5aYM/BOlbSccHDbuXXFPxeoUmfWtz8le2yTkTZc+BxsiEnENFoi2SlmA8ewDkG2LgIMIVzzn2h8kfw==",
      "requires": {
        "@babel/types": "^7.12.13"
      }
    },
    "@babel/helper-module-imports": {
      "version": "7.13.12",
      "resolved": "https://registry.npmjs.org/@babel/helper-module-imports/-/helper-module-imports-7.13.12.tgz",
      "integrity": "sha512-4cVvR2/1B693IuOvSI20xqqa/+bl7lqAMR59R4iu39R9aOX8/JoYY1sFaNvUMyMBGnHdwvJgUrzNLoUZxXypxA==",
      "requires": {
        "@babel/types": "^7.13.12"
      }
    },
    "@babel/helper-plugin-utils": {
      "version": "7.13.0",
      "resolved": "https://registry.npmjs.org/@babel/helper-plugin-utils/-/helper-plugin-utils-7.13.0.tgz",
      "integrity": "sha512-ZPafIPSwzUlAoWT8DKs1W2VyF2gOWthGd5NGFMsBcMMol+ZhK+EQY/e6V96poa6PA/Bh+C9plWN0hXO1uB8AfQ=="
    },
    "@babel/helper-validator-identifier": {
      "version": "7.12.11",
      "resolved": "https://registry.npmjs.org/@babel/helper-validator-identifier/-/helper-validator-identifier-7.12.11.tgz",
      "integrity": "sha512-np/lG3uARFybkoHokJUmf1QfEvRVCPbmQeUQpKow5cQ3xWrV9i3rUHodKDJPQfTVX61qKi+UdYk8kik84n7XOw=="
    },
    "@babel/plugin-syntax-jsx": {
      "version": "7.12.13",
      "resolved": "https://registry.npmjs.org/@babel/plugin-syntax-jsx/-/plugin-syntax-jsx-7.12.13.tgz",
      "integrity": "sha512-d4HM23Q1K7oq/SLNmG6mRt85l2csmQ0cHRaxRXjKW0YFdEXqlZ5kzFQKH5Uc3rDJECgu+yCRgPkG04Mm98R/1g==",
      "requires": {
        "@babel/helper-plugin-utils": "^7.12.13"
      }
    },
    "@babel/plugin-transform-react-jsx": {
      "version": "7.13.12",
      "resolved": "https://registry.npmjs.org/@babel/plugin-transform-react-jsx/-/plugin-transform-react-jsx-7.13.12.tgz",
      "integrity": "sha512-jcEI2UqIcpCqB5U5DRxIl0tQEProI2gcu+g8VTIqxLO5Iidojb4d77q+fwGseCvd8af/lJ9masp4QWzBXFE2xA==",
      "requires": {
        "@babel/helper-annotate-as-pure": "^7.12.13",
        "@babel/helper-module-imports": "^7.13.12",
        "@babel/helper-plugin-utils": "^7.13.0",
        "@babel/plugin-syntax-jsx": "^7.12.13",
        "@babel/types": "^7.13.12"
      }
    },
    "@babel/types": {
      "version": "7.13.14",
      "resolved": "https://registry.npmjs.org/@babel/types/-/types-7.13.14.tgz",
      "integrity": "sha512-A2aa3QTkWoyqsZZFl56MLUsfmh7O0gN41IPvXAE/++8ojpbz12SszD7JEGYVdn4f9Kt4amIei07swF1h4AqmmQ==",
      "requires": {
        "@babel/helper-validator-identifier": "^7.12.11",
        "lodash": "^4.17.19",
        "to-fast-properties": "^2.0.0"
      }
    },
    "lodash": {
      "version": "4.17.21",
      "resolved": "https://registry.npmjs.org/lodash/-/lodash-4.17.21.tgz",
      "integrity": "sha512-v2kDEe57lecTulaDIuNTPy3Ry4gLGJ6Z1O3vE1krgXZNrsQ+LFTGHVxVjcXPs17LhbZVGedAJv8XZ1tvj5FvSg=="
    },
    "to-fast-properties": {
      "version": "2.0.0",
      "resolved": "https://registry.npmjs.org/to-fast-properties/-/to-fast-properties-2.0.0.tgz",
      "integrity": "sha1-3F5pjL0HkmW8c+A3doGk5Og/YW4="
    }
  }
}
